
Microsoft Visual Studio Solution File, Format Version 12.00
# Visual Studio Version 16
VisualStudioVersion = 16.0.31019.35
MinimumVisualStudioVersion = 10.0.40219.1
Project("{9A19103F-16F7-4668-BE54-9A1E7A4F7556}") = "List", "MyLibrary\List.csproj", "{7D664E4C-39A3-4CE1-B0B9-19DEFE44DCB5}"
EndProject
Project("{9A19103F-16F7-4668-BE54-9A1E7A4F7556}") = "MyLibrary.Test", "MyLibrary.Test\MyLibrary.Test.csproj", "{F89E69ED-6CDF-4B06-97DE-62066D71D41D}"
EndProject
Global
	GlobalSection(SolutionConfigurationPlatforms) = preSolution
		Debug|Any CPU = Debug|Any CPU
		Release|Any CPU = Release|Any CPU
	EndGlobalSection
	GlobalSection(ProjectConfigurationPlatforms) = postSolution
		{7D664E4C-39A3-4CE1-B0B9-19DEFE44DCB5}.Debug|Any CPU.ActiveCfg = Debug|Any CPU
		{7D664E4C-39A3-4CE1-B0B9-19DEFE44DCB5}.Debug|Any CPU.Build.0 = Debug|Any CPU
		{7D664E4C-39A3-4CE1-B0B9-19DEFE44DCB5}.Release|Any CPU.ActiveCfg = Release|Any CPU
		{7D664E4C-39A3-4CE1-B0B9-19DEFE44DCB5}.Release|Any CPU.Build.0 = Release|Any CPU
		{F89E69ED-6CDF-4B06-97DE-62066D71D41D}.Debug|Any CPU.ActiveCfg = Debug|Any CPU
		{F89E69ED-6CDF-4B06-97DE-62066D71D41D}.Debug|Any CPU.Build.0 = Debug|Any CPU
		{F89E69ED-6CDF-4B06-97DE-62066D71D41D}.Release|Any CPU.ActiveCfg = Release|Any CPU
		{F89E69ED-6CDF-4B06-97DE-62066D71D41D}.Release|Any CPU.Build.0 = Release|Any CPU
	EndGlobalSection
	GlobalSection(SolutionProperties) = preSolution
		HideSolutionNode = FALSE
	EndGlobalSection
	GlobalSection(ExtensibilityGlobals) = postSolution
		SolutionGuid = {CF6A6D31-196D-4EEC-ACAC-FC8AB17ED5C5}
	EndGlobalSection
EndGlobal
